# This file is generated by running "yarn install" inside your project.
# Manual changes might be lost - proceed with caution!

__metadata:
  version: 4

"@apollo/client@npm:^3.0.0-beta.41":
  version: 3.0.0-james.33.0
  resolution: "@apollo/client@npm:3.0.0-james.33.0"
  dependencies:
    "@types/zen-observable": ^0.8.0
    "@wry/equality": ^0.1.9
    fast-json-stable-stringify: ^2.0.0
    graphql-tag: ^2.10.1
    optimism: ^0.11.5
    symbol-observable: ^1.2.0
    ts-invariant: ^0.4.4
    tslib: ^1.10.0
    zen-observable: ^0.8.14
  peerDependencies:
    graphql: ^14.5.4
    react: ^16.8.0
  peerDependenciesMeta:
    react:
      optional: true
  checksum: 2/7bc3cab7575e1daab8bae3301b6f2cb0915afad6281482e2c11012acd8db05b984834526cd04577b58d0181e9b3682eaef3e9d9aae50808e547faa0ef35e0c7d
  languageName: node
  linkType: hard

"@cometjs/apollo@workspace:packages/apollo":
  version: 0.0.0-use.local
  resolution: "@cometjs/apollo@workspace:packages/apollo"
  dependencies:
    "@apollo/client": ^3.0.0-beta.41
    "@cometjs/core": "workspace:0.0.0"
    "@cometjs/graphql": "workspace:0.0.0"
    graphql: ^14.6.0
  peerDependencies:
    "@apollo/client": ">=3.0.0"
    graphql: ">=14.0.0"
  languageName: unknown
  linkType: soft

"@cometjs/core@workspace:0.0.0, @cometjs/core@workspace:packages/core":
  version: 0.0.0-use.local
  resolution: "@cometjs/core@workspace:packages/core"
  dependencies:
    typescript: ^3.8.3
  languageName: unknown
  linkType: soft

"@cometjs/graphql@workspace:0.0.0, @cometjs/graphql@workspace:packages/graphql":
  version: 0.0.0-use.local
  resolution: "@cometjs/graphql@workspace:packages/graphql"
  dependencies:
    "@cometjs/core": "workspace:0.0.0"
    typescript: ^3.8.3
  languageName: unknown
  linkType: soft

"@cometjs/monorepo@workspace:.":
  version: 0.0.0-use.local
  resolution: "@cometjs/monorepo@workspace:."
  dependencies:
    "@yarnpkg/pnpify": ^2.0.0-rc.19
    typescript: ^3.8.3
  languageName: unknown
  linkType: soft

"@cometjs/react@workspace:packages/react":
  version: 0.0.0-use.local
  resolution: "@cometjs/react@workspace:packages/react"
  dependencies:
    "@cometjs/core": "workspace:0.0.0"
    "@types/react": ^16.9.23
    typescript: ^3.8.3
  peerDependencies:
    "@types/react": ">=16.8.0"
  languageName: unknown
  linkType: soft

"@types/color-name@npm:^1.1.1":
  version: 1.1.1
  resolution: "@types/color-name@npm:1.1.1"
  checksum: 2/8311db94a9c4ecd247763b81e783ee49d87678b4ce6a7ee502e2bd5cea242b7357804a04855db009f713174bc654cc0c01c7303d40d757e5d710f5ac0368500f
  languageName: node
  linkType: hard

"@types/emscripten@npm:^1.38.0":
  version: 1.39.3
  resolution: "@types/emscripten@npm:1.39.3"
  checksum: 2/dd6453e0de7e5ec31850e021749a2ea6c25af9477d41cc973b1d6ce6cd14da97301d13da7a75e6161064800b0fcfb6c8e4be4b1b730039f724d8decd4e3b8fff
  languageName: node
  linkType: hard

"@types/prop-types@npm:*":
  version: 15.7.3
  resolution: "@types/prop-types@npm:15.7.3"
  checksum: 2/bd0eab69d5120ad3784d0c9985f902653d5924707a7f2b3702a330e762dfd61b6494954cb54ad0c52b918ffd6f1e7e27c9270e4442bc15250de348596f2f60cb
  languageName: node
  linkType: hard

"@types/react@npm:^16.9.23":
  version: 16.9.24
  resolution: "@types/react@npm:16.9.24"
  dependencies:
    "@types/prop-types": "*"
    csstype: ^2.2.0
  checksum: 2/0a3ec67255ec708abc4c2723bf37b45ff1efed16e4a6415a6df54b97795fbfa3835b85230f1c5a883aab7ebbeab5ee28ecfde5479e40eb54f43c4e072cf61d3d
  languageName: node
  linkType: hard

"@types/zen-observable@npm:^0.8.0":
  version: 0.8.0
  resolution: "@types/zen-observable@npm:0.8.0"
  checksum: 2/63a7bf7d119c4239201952b004902a85be41643f8bfaee14b1881ea5a35508b6dce2cb63b9402152d7ccff8afde03ead9e3192c2666532fb5227667f297eb32f
  languageName: node
  linkType: hard

"@wry/context@npm:^0.5.0":
  version: 0.5.0
  resolution: "@wry/context@npm:0.5.0"
  dependencies:
    tslib: ^1.9.3
  checksum: 2/adb3eaeab746f60cdfd045c0ee8881e9508894db46516dd519cf71b75a090ba375965904f386a504f53b4ac63bb96458bd2f24ab1d236a410bb07784059320b5
  languageName: node
  linkType: hard

"@wry/equality@npm:^0.1.9":
  version: 0.1.9
  resolution: "@wry/equality@npm:0.1.9"
  dependencies:
    tslib: ^1.9.3
  checksum: 2/7b888ee2442540ca775eec811d215bc24ea0b9cfaa811b6440d92386da97469ba68bd409f60b49936930418f57e3437747d8a884d40d819caeb2c31daa0fa28a
  languageName: node
  linkType: hard

"@yarnpkg/fslib@npm:^2.0.0-rc.17":
  version: 2.0.0-rc.17
  resolution: "@yarnpkg/fslib@npm:2.0.0-rc.17"
  dependencies:
    "@yarnpkg/libzip": ^2.0.0-rc.10
  checksum: 2/4e90a046f1645bac793c88811beb7da945af63cc9ce48930199714050c601adb52c7dab1dd3cac7d9fb200dbade4bcf15248925b98ccb3ed7546c339b9f66817
  languageName: node
  linkType: hard

"@yarnpkg/libzip@npm:^2.0.0-rc.10":
  version: 2.0.0-rc.10
  resolution: "@yarnpkg/libzip@npm:2.0.0-rc.10"
  dependencies:
    "@types/emscripten": ^1.38.0
  checksum: 2/95ae332b349eee4d53e0f098b7d1e4a399960d6661f33873f26cce47d32daa7e0cca7fbeb5f236aa17a20a1e5fd0d250e585267ec356df7732b6a835d934bd66
  languageName: node
  linkType: hard

"@yarnpkg/pnpify@npm:^2.0.0-rc.19":
  version: 2.0.0-rc.19
  resolution: "@yarnpkg/pnpify@npm:2.0.0-rc.19"
  dependencies:
    "@yarnpkg/fslib": ^2.0.0-rc.17
    chalk: ^3.0.0
    comment-json: ^2.2.0
    cross-spawn: 6.0.5
  peerDependencies:
    eslint: "*"
    typescript: "*"
  peerDependenciesMeta:
    eslint:
      optional: true
    typescript:
      optional: true
  bin:
    pnpify: ./lib/cli.js
  checksum: 2/5218e470931c16e4f891f1c7f0330e819ff81a5146afd992dd7360fd6a2faaf6ed97f93fdf51b9be3c05531f4893fc330bf442c7a086fd92692d2f2dc01ca1b8
  languageName: node
  linkType: hard

"ansi-styles@npm:^4.1.0":
  version: 4.2.1
  resolution: "ansi-styles@npm:4.2.1"
  dependencies:
    "@types/color-name": ^1.1.1
    color-convert: ^2.0.1
  checksum: 2/c8c007d5dab7b4fea064c9ea318114e1f6fc714bb382d061ac09e66bc83c8f3ce12bb6354be01598722c14a5d710af280b7614d269354f80d2535946aefa82f4
  languageName: node
  linkType: hard

"chalk@npm:^3.0.0":
  version: 3.0.0
  resolution: "chalk@npm:3.0.0"
  dependencies:
    ansi-styles: ^4.1.0
    supports-color: ^7.1.0
  checksum: 2/4018b0c812880da595d0d7b8159939527b72f58d3370e2fdc1a24d9abd460bab851695d7eca014082f110d5702d1221b05493fec430ccce375de907d50cc48c1
  languageName: node
  linkType: hard

"color-convert@npm:^2.0.1":
  version: 2.0.1
  resolution: "color-convert@npm:2.0.1"
  dependencies:
    color-name: ~1.1.4
  checksum: 2/3d5d8a011a43012ca11b6d739049ecf2055d95582fd16ec44bf1e685eb0baa5cc652002be8a1dc92b429c8d87418287d0528266a7595cb1ad8a7f4f1d3049df2
  languageName: node
  linkType: hard

"color-name@npm:~1.1.4":
  version: 1.1.4
  resolution: "color-name@npm:1.1.4"
  checksum: 2/3e1c9a4dee12eada307436f61614dd11fe300469db2b83f80c8b7a7cd8a1015f0f18dd13403f018927b249003777ff60baba4a03c65f12e6bddc0dfd9642021f
  languageName: node
  linkType: hard

"comment-json@npm:^2.2.0":
  version: 2.4.2
  resolution: "comment-json@npm:2.4.2"
  dependencies:
    core-util-is: ^1.0.2
    esprima: ^4.0.1
    has-own-prop: ^2.0.0
    repeat-string: ^1.6.1
  checksum: 2/80bc181741f7966946e09ba253e97a4709288acb65e8b30e641efbca0a1a2c79f31d4df6cd1412a17ddb3d1289f552ec13e1d3f983b42ac84de6344fd062cf3d
  languageName: node
  linkType: hard

"core-util-is@npm:^1.0.2":
  version: 1.0.2
  resolution: "core-util-is@npm:1.0.2"
  checksum: 2/089015ee3c462dfceba70faa1df83b42a7bb35db26dae6af283247b06fe3216c65fccd9f00eebcaf98300dc31e981d56aae9f90b624f8f6ff1153e235ff88b65
  languageName: node
  linkType: hard

"cross-spawn@npm:6.0.5":
  version: 6.0.5
  resolution: "cross-spawn@npm:6.0.5"
  dependencies:
    nice-try: ^1.0.4
    path-key: ^2.0.1
    semver: ^5.5.0
    shebang-command: ^1.2.0
    which: ^1.2.9
  checksum: 2/05fbbf957d9b81dc05fd799a238f6aacc2e7cc9783fff3f0e00439a97d6f269c90482571cbf1eeea17200fd119161a2d1f88aa49a8110b176e04f2a70825284f
  languageName: node
  linkType: hard

"csstype@npm:^2.2.0":
  version: 2.6.9
  resolution: "csstype@npm:2.6.9"
  checksum: 2/fb00716951a932ac3450546c65d761a75c133091b44db9aec0be07c2ca06a38141d6e059ad839035feea9abb0faee90aadcad6b73e7be0250c66602fd7a49f3a
  languageName: node
  linkType: hard

"esprima@npm:^4.0.1":
  version: 4.0.1
  resolution: "esprima@npm:4.0.1"
  bin:
    esparse: ./bin/esparse.js
    esvalidate: ./bin/esvalidate.js
  checksum: 2/5df45a3d9c95c36800d028ba76d8d4e04e199932b58c2939f462f859fd583e7d39b4a12d3f97986cf272a28a5fe5948ee6e49e36ef63f67b5b48d82a635c5081
  languageName: node
  linkType: hard

"fast-json-stable-stringify@npm:^2.0.0":
  version: 2.1.0
  resolution: "fast-json-stable-stringify@npm:2.1.0"
  checksum: 2/7df3fabfe445d65953b2d9d9d3958bd895438b215a40fb87dae8b2165c5169a897785eb5d51e6cf0eb03523af756e3d82ea01083f6ac6341fe16db532fee3016
  languageName: node
  linkType: hard

"graphql-tag@npm:^2.10.1":
  version: 2.10.3
  resolution: "graphql-tag@npm:2.10.3"
  peerDependencies:
    graphql: ^0.9.0 || ^0.10.0 || ^0.11.0 || ^0.12.0 || ^0.13.0 || ^14.0.0
  checksum: 2/ea7746a7ed6f166754bba089c76595a2e9c0fbb4f64421be48974d00baf91be533296a953f700ca96b04fec469af029f199c35ce3bf819a48eb3794f8190fcd0
  languageName: node
  linkType: hard

"graphql@npm:^14.6.0":
  version: 14.6.0
  resolution: "graphql@npm:14.6.0"
  dependencies:
    iterall: ^1.2.2
  checksum: 2/24cab2758cea2ce592c59af28cac0fc80d2f2eac2f2441ce0152ce3c5a3a2416394aadf71b2d8db58f46c44ca3d20747eb168f58502f6eadafab0f11dea13791
  languageName: node
  linkType: hard

"has-flag@npm:^4.0.0":
  version: 4.0.0
  resolution: "has-flag@npm:4.0.0"
  checksum: 2/2e5391139d3d287231ccb58659702392f6e3abeac3296fb4721afaff46493f3d9b99a9329ae015dfe973aa206ed5c75f43e86aec0267dce79aa5c2b6e811b3ad
  languageName: node
  linkType: hard

"has-own-prop@npm:^2.0.0":
  version: 2.0.0
  resolution: "has-own-prop@npm:2.0.0"
  checksum: 2/8513ff905297afb7b65f4e22012a2c8e20ab006067841015bf338cfd23019b6c7cec89b5192b4cb7eaaa2a5370d2474dc9a0bcfdfd71100c45b8d3be9882f45b
  languageName: node
  linkType: hard

"isexe@npm:^2.0.0":
  version: 2.0.0
  resolution: "isexe@npm:2.0.0"
  checksum: 2/7b437980bb77881a146fba85cfbdf01edc2b148673e9c2722a1e49661fea73adf524430a80fdbfb8ce9f60d43224e682c657c45030482bd39e0c488fc29b4afe
  languageName: node
  linkType: hard

"iterall@npm:^1.2.2":
  version: 1.3.0
  resolution: "iterall@npm:1.3.0"
  checksum: 2/25ae2d07cf97fc35d43fa7af814839689416b83d3ade0fec97a62c58b7b9fad5ff89dd0ede99f2d67cae2697ffa6987f0ab10876f40ae6466e802609a05b1006
  languageName: node
  linkType: hard

"nice-try@npm:^1.0.4":
  version: 1.0.5
  resolution: "nice-try@npm:1.0.5"
  checksum: 2/330f190bf68146a560008b661e1ddbb2eac667c16990b6bf791516d89cceb707ec67901ad647d2b32674bfa816b916489cead5c2fb6e96864c659573ab5aa3bb
  languageName: node
  linkType: hard

"optimism@npm:^0.11.5":
  version: 0.11.5
  resolution: "optimism@npm:0.11.5"
  dependencies:
    "@wry/context": ^0.5.0
  checksum: 2/f8d746eb1e6a0cc27588cd84debb1dc3dd3c9cfce7b1e85c60f462c73d0756d03dcb61fd444419073c02f0722e8af19408c9208a3418247cf8c1a922faed66f3
  languageName: node
  linkType: hard

"path-key@npm:^2.0.1":
  version: 2.0.1
  resolution: "path-key@npm:2.0.1"
  checksum: 2/7dc807a2baa11d6bc0fca72148a0a0ca69ab73d98fbe42e10d22764d1ef547767f2b4ff827c6bc66e733388cd8d54297a45a39499825b9fdfd18959202384029
  languageName: node
  linkType: hard

"repeat-string@npm:^1.6.1":
  version: 1.6.1
  resolution: "repeat-string@npm:1.6.1"
  checksum: 2/99c431ba7bef7a5d39819d562ebca89206368b45f73213677a3b562e25b5dd272d9e6a2ca8105001df14b6fc8cc71f0b10258c86e16cf8a256318fac1ddc8a77
  languageName: node
  linkType: hard

"semver@npm:^5.5.0":
  version: 5.7.1
  resolution: "semver@npm:5.7.1"
  bin:
    semver: ./bin/semver
  checksum: 2/06ff0ed753ebf741b7602be8faad620d6e160a2cb3f61019d00d919c8bca141638aa23c34da779b8595afdc9faa3678bfbb5f60366b6a4f65f98cf86605bbcdb
  languageName: node
  linkType: hard

"shebang-command@npm:^1.2.0":
  version: 1.2.0
  resolution: "shebang-command@npm:1.2.0"
  dependencies:
    shebang-regex: ^1.0.0
  checksum: 2/2a1e0092a6b80b14ec742ef4e982be8aa670edc7de3e8c68b26744fb535051f7d92518106387b52e9aabe0c1ceae33d23a7dfdb94c3d7f5035c3868b723a2854
  languageName: node
  linkType: hard

"shebang-regex@npm:^1.0.0":
  version: 1.0.0
  resolution: "shebang-regex@npm:1.0.0"
  checksum: 2/cf1a41cb09023e7d39739d7145fcba57c3fabc6728b78ce706f7315cf52dfadf30f7eea664e069224fbcbbfb6ab853bc55ac45f494b47ee73fc209c98487fae5
  languageName: node
  linkType: hard

"supports-color@npm:^7.1.0":
  version: 7.1.0
  resolution: "supports-color@npm:7.1.0"
  dependencies:
    has-flag: ^4.0.0
  checksum: 2/6130f36b2a71f73014a6ef306bbaa5415d8daa5c0294082762a0505e4fb6800b8a9d037b60ed54f0c69cdfc37860034047d6004481c21f22dd43151b5e9334f0
  languageName: node
  linkType: hard

"symbol-observable@npm:^1.2.0":
  version: 1.2.0
  resolution: "symbol-observable@npm:1.2.0"
  checksum: 2/268834a1d4cba19d40f367e5c2755f612969c8418e43a3be17408e392802a667f8bb542893440d58a080a8ea8da05ea98e27e472b9f4ff6fbda78a21a1a41c53
  languageName: node
  linkType: hard

"ts-invariant@npm:^0.4.4":
  version: 0.4.4
  resolution: "ts-invariant@npm:0.4.4"
  dependencies:
    tslib: ^1.9.3
  checksum: 2/0280fb0e853db923605d84d83a7587342b2fcf718af5eac858cc461fcaa95837543de5f6d0a9afd8caf84faa01ffcc2a21cf71f5f51894d3e854b8a9504786bc
  languageName: node
  linkType: hard

"tslib@npm:^1.10.0, tslib@npm:^1.9.3":
  version: 1.11.1
  resolution: "tslib@npm:1.11.1"
  checksum: 2/d40eba08de267b2d3c458ddbf51f9010a45b8e752d3bf8c0fed63e266afc9277c6a26e65e51223335b8753f9f106aeb600e704f2a6eae05729160671a97c52e7
  languageName: node
  linkType: hard

typescript@^3.8.3:
  version: 3.8.3
  resolution: "typescript@npm:3.8.3"
  bin:
    tsc: bin/tsc
    tsserver: bin/tsserver
  checksum: 2/519b11576247fe3570d89a2aa757d8f666aafc0cb9465a6cdd4df09c1dc6bf7285f0c6008d2ac7a55ea26457e767aaab819f58439d80af2cce1d9805b2be1034
  languageName: node
  linkType: hard

"typescript@patch:typescript@^3.8.3#builtin<compat/typescript>":
  version: 3.8.3
  resolution: "typescript@patch:typescript@npm%3A3.8.3#builtin<compat/typescript>::version=3.8.3&hash=270b6c"
  bin:
    tsc: bin/tsc
    tsserver: bin/tsserver
  checksum: 2/2950b292ac700898647d49ca5f07fa546f6c3d28983ba559c5b4fa360babdc1734493b7f5f72553735eaa401c850989d7bbbd70f739df3c0b7fc83c82e37d8a5
  languageName: node
  linkType: hard

"which@npm:^1.2.9":
  version: 1.3.1
  resolution: "which@npm:1.3.1"
  dependencies:
    isexe: ^2.0.0
  bin:
    which: ./bin/which
  checksum: 2/298d95f9c185c4da22c1bfb1fdfa37c2ba56df8a6b98706ab361bf31a7d3a4845afaecfc48d4de7a259048842b5f2977f51b56f5c06c1f6a83dcf5a9e3de634a
  languageName: node
  linkType: hard

"zen-observable@npm:^0.8.14":
  version: 0.8.15
  resolution: "zen-observable@npm:0.8.15"
  checksum: 2/7d155f8a75b9314f9f31e70a31edcd897b0e8a1313737502ab84a573e49d2c333b738e415c156334a6e910c363ce546b59fa7921eff61440285caa99c843df74
  languageName: node
  linkType: hard
